
Microsoft Visual Studio Solution File, Format Version 12.00
# Visual Studio Version 17
VisualStudioVersion = 17.8.34408.163
MinimumVisualStudioVersion = 10.0.40219.1
Project("{888888A0-9F3D-457C-B088-3A5042F75D52}") = "s2t", "s2t.pyproj", "{A00B3D9A-7D11-4898-BEF2-12531EADF906}"
EndProject
Global
	GlobalSection(SolutionConfigurationPlatforms) = preSolution
		Debug|Any CPU = Debug|Any CPU
		Release|Any CPU = Release|Any CPU
	EndGlobalSection
	GlobalSection(ProjectConfigurationPlatforms) = postSolution
		{A00B3D9A-7D11-4898-BEF2-12531EADF906}.Debug|Any CPU.ActiveCfg = Debug|Any CPU
		{A00B3D9A-7D11-4898-BEF2-12531EADF906}.Release|Any CPU.ActiveCfg = Release|Any CPU
	EndGlobalSection
	GlobalSection(SolutionProperties) = preSolution
		HideSolutionNode = FALSE
	EndGlobalSection
	GlobalSection(ExtensibilityGlobals) = postSolution
		SolutionGuid = {327970A2-22DD-4F8A-970D-42D9FE2B5EA6}
	EndGlobalSection
EndGlobal
